
Microsoft Visual Studio Solution File, Format Version 12.00
# Visual Studio Version 17
VisualStudioVersion = 17.9.34607.119
MinimumVisualStudioVersion = 10.0.40219.1
Project("{FAE04EC0-301F-11D3-BF4B-00C04F79EFBC}") = "avancepia", "avancepia.csproj", "{A2A27DF0-AA7D-4F15-B1F4-299C53C9BA54}"
EndProject
Global
	GlobalSection(SolutionConfigurationPlatforms) = preSolution
		Debug|Any CPU = Debug|Any CPU
		Release|Any CPU = Release|Any CPU
	EndGlobalSection
	GlobalSection(ProjectConfigurationPlatforms) = postSolution
		{A2A27DF0-AA7D-4F15-B1F4-299C53C9BA54}.Debug|Any CPU.ActiveCfg = Debug|Any CPU
		{A2A27DF0-AA7D-4F15-B1F4-299C53C9BA54}.Debug|Any CPU.Build.0 = Debug|Any CPU
		{A2A27DF0-AA7D-4F15-B1F4-299C53C9BA54}.Release|Any CPU.ActiveCfg = Release|Any CPU
		{A2A27DF0-AA7D-4F15-B1F4-299C53C9BA54}.Release|Any CPU.Build.0 = Release|Any CPU
	EndGlobalSection
	GlobalSection(SolutionProperties) = preSolution
		HideSolutionNode = FALSE
	EndGlobalSection
	GlobalSection(ExtensibilityGlobals) = postSolution
		SolutionGuid = {1F399D99-7EFC-4211-947B-0CB73B2AD835}
	EndGlobalSection
EndGlobal
